// !$*UTF8*$!
{
	archiveVersion = 1;
	classes = {
	};
	objectVersion = 46;
	objects = {

/* Begin PBXBuildFile section */
		D4769F1F1CB78D02006F4E1A /* AppDelegate.swift in Sources */ = {isa = PBXBuildFile; fileRef = D4769F1E1CB78D02006F4E1A /* AppDelegate.swift */; };
		D4769F211CB78D02006F4E1A /* ViewController.swift in Sources */ = {isa = PBXBuildFile; fileRef = D4769F201CB78D02006F4E1A /* ViewController.swift */; };
		D4769F241CB78D02006F4E1A /* Main.storyboard in Resources */ = {isa = PBXBuildFile; fileRef = D4769F221CB78D02006F4E1A /* Main.storyboard */; };
		D4769F261CB78D02006F4E1A /* Assets.xcassets in Resources */ = {isa = PBXBuildFile; fileRef = D4769F251CB78D02006F4E1A /* Assets.xcassets */; };
		D4769F291CB78D02006F4E1A /* LaunchScreen.storyboard in Resources */ = {isa = PBXBuildFile; fileRef = D4769F271CB78D02006F4E1A /* LaunchScreen.storyboard */; };
/* End PBXBuildFile section */

/* Begin PBXFileReference section */
		D4769F1B1CB78D02006F4E1A /* IOSSwiftShowcase.app */ = {isa = PBXFileReference; explicitFileType = wrapper.application; includeInIndex = 0; path = IOSSwiftShowcase.app; sourceTree = BUILT_PRODUCTS_DIR; };
		D4769F1E1CB78D02006F4E1A /* AppDelegate.swift */ = {isa = PBXFileReference; lastKnownFileType = sourcecode.swift; path = AppDelegate.swift; sourceTree = "<group>"; };
		D4769F201CB78D02006F4E1A /* ViewController.swift */ = {isa = PBXFileReference; lastKnownFileType = sourcecode.swift; path = ViewController.swift; sourceTree = "<group>"; };
		D4769F231CB78D02006F4E1A /* Base */ = {isa = PBXFileReference; lastKnownFileType = file.storyboard; name = Base; path = Base.lproj/Main.storyboard; sourceTree = "<group>"; };
		D4769F251CB78D02006F4E1A /* Assets.xcassets */ = {isa = PBXFileReference; lastKnownFileType = folder.assetcatalog; path = Assets.xcassets; sourceTree = "<group>"; };
		D4769F281CB78D02006F4E1A /* Base */ = {isa = PBXFileReference; lastKnownFileType = file.storyboard; name = Base; path = Base.lproj/LaunchScreen.storyboard; sourceTree = "<group>"; };
		D4769F2A1CB78D02006F4E1A /* Info.plist */ = {isa = PBXFileReference; lastKnownFileType = text.plist.xml; path = Info.plist; sourceTree = "<group>"; };
/* End PBXFileReference section */

/* Begin PBXFrameworksBuildPhase section */
		D4769F181CB78D02006F4E1A /* Frameworks */ = {
			isa = PBXFrameworksBuildPhase;
			buildActionMask = 2147483647;
			files = (
			);
			runOnlyForDeploymentPostprocessing = 0;
		};
/* End PBXFrameworksBuildPhase section */

/* Begin PBXGroup section */
		D4769F121CB78D02006F4E1A = {
			isa = PBXGroup;
			children = (
				D4769F1D1CB78D02006F4E1A /* IOSSwiftShowcase */,
				D4769F1C1CB78D02006F4E1A /* Products */,
			);
			sourceTree = "<group>";
		};
		D4769F1C1CB78D02006F4E1A /* Products */ = {
			isa = PBXGroup;
			children = (
				D4769F1B1CB78D02006F4E1A /* IOSSwiftShowcase.app */,
			);
			name = Products;
			sourceTree = "<group>";
		};
		D4769F1D1CB78D02006F4E1A /* IOSSwiftShowcase */ = {
			isa = PBXGroup;
			children = (
				D4769F1E1CB78D02006F4E1A /* AppDelegate.swift */,
				D4769F201CB78D02006F4E1A /* ViewController.swift */,
				D4769F221CB78D02006F4E1A /* Main.storyboard */,
				D4769F251CB78D02006F4E1A /* Assets.xcassets */,
				D4769F271CB78D02006F4E1A /* LaunchScreen.storyboard */,
				D4769F2A1CB78D02006F4E1A /* Info.plist */,
			);
			path = IOSSwiftShowcase;
			sourceTree = "<group>";
		};
/* End PBXGroup section */

/* Begin PBXNativeTarget section */
		D4769F1A1CB78D02006F4E1A /* IOSSwiftShowcase */ = {
			isa = PBXNativeTarget;
			buildConfigurationList = D4769F2D1CB78D02006F4E1A /* Build configuration list for PBXNativeTarget "IOSSwiftShowcase" */;
			buildPhases = (
				D4769F171CB78D02006F4E1A /* Sources */,
				D4769F181CB78D02006F4E1A /* Frameworks */,
				D4769F191CB78D02006F4E1A /* Resources */,
			);
			buildRules = (
			);
			dependencies = (
			);
			name = IOSSwiftShowcase;
			productName = IOSSwiftShowcase;
			productReference = D4769F1B1CB78D02006F4E1A /* IOSSwiftShowcase.app */;
			productType = "com.apple.product-type.application";
		};
/* End PBXNativeTarget section */

/* Begin PBXProject section */
		D4769F131CB78D02006F4E1A /* Project object */ = {
			isa = PBXProject;
			attributes = {
				LastSwiftUpdateCheck = 0730;
				LastUpgradeCheck = 0730;
				ORGANIZATIONNAME = Mouse;
				TargetAttributes = {
					D4769F1A1CB78D02006F4E1A = {
						CreatedOnToolsVersion = 7.3;
						DevelopmentTeam = MX6Y2DSEP5;
					};
				};
			};
			buildConfigurationList = D4769F161CB78D02006F4E1A /* Build configuration list for PBXProject "IOSSwiftShowcase" */;
			compatibilityVersion = "Xcode 3.2";
			developmentRegion = English;
			hasScannedForEncodings = 0;
			knownRegions = (
				en,
				Base,
			);
			mainGroup = D4769F121CB78D02006F4E1A;
			productRefGroup = D4769F1C1CB78D02006F4E1A /* Products */;
			projectDirPath = "";
			projectRoot = "";
			targets = (
				D4769F1A1CB78D02006F4E1A /* IOSSwiftShowcase */,
			);
		};
/* End PBXProject section */

/* Begin PBXResourcesBuildPhase section */
		D4769F191CB78D02006F4E1A /* Resources */ = {
			isa = PBXResourcesBuildPhase;
			buildActionMask = 2147483647;
			files = (
				D4769F291CB78D02006F4E1A /* LaunchScreen.storyboard in Resources */,
				D4769F261CB78D02006F4E1A /* Assets.xcassets in Resources */,
				D4769F241CB78D02006F4E1A /* Main.storyboard in Resources */,
			);
			runOnlyForDeploymentPostprocessing = 0;
		};
/* End PBXResourcesBuildPhase section */

/* Begin PBXSourcesBuildPhase section */
		D4769F171CB78D02006F4E1A /* Sources */ = {
			isa = PBXSourcesBuildPhase;
			buildActionMask = 2147483647;
			files = (
				D4769F211CB78D02006F4E1A /* ViewController.swift in Sources */,
				D4769F1F1CB78D02006F4E1A /* AppDelegate.swift in Sources */,
			);
			runOnlyForDeploymentPostprocessing = 0;
		};
/* End PBXSourcesBuildPhase section */

/* Begin PBXVariantGroup section */
		D4769F221CB78D02006F4E1A /* Main.storyboard */ = {
			isa = PBXVariantGroup;
			children = (
				D4769F231CB78D02006F4E1A /* Base */,
			);
			name = Main.storyboard;
			sourceTree = "<group>";
		};
		D4769F271CB78D02006F4E1A /* LaunchScreen.storyboard */ = {
			isa = PBXVariantGroup;
			children = (
				D4769F281CB78D02006F4E1A /* Base */,
			);
			name = LaunchScreen.storyboard;
			sourceTree = "<group>";
		};
/* End PBXVariantGroup section */

/* Begin XCBuildConfiguration section */
		D4769F2B1CB78D02006F4E1A /* Debug */ = {
			isa = XCBuildConfiguration;
			buildSettings = {
				ALWAYS_SEARCH_USER_PATHS = NO;
				CLANG_ANALYZER_NONNULL = YES;
				CLANG_CXX_LANGUAGE_STANDARD = "gnu++0x";
				CLANG_CXX_LIBRARY = "libc++";
				CLANG_ENABLE_MODULES = YES;
				CLANG_ENABLE_OBJC_ARC = YES;
				CLANG_WARN_BOOL_CONVERSION = YES;
				CLANG_WARN_CONSTANT_CONVERSION = YES;
				CLANG_WARN_DIRECT_OBJC_ISA_USAGE = YES_ERROR;
				CLANG_WARN_EMPTY_BODY = YES;
				CLANG_WARN_ENUM_CONVERSION = YES;
				CLANG_WARN_INT_CONVERSION = YES;
				CLANG_WARN_OBJC_ROOT_CLASS = YES_ERROR;
				CLANG_WARN_UNREACHABLE_CODE = YES;
				CLANG_WARN__DUPLICATE_METHOD_MATCH = YES;
				"CODE_SIGN_IDENTITY[sdk=iphoneos*]" = "iPhone Developer";
				COPY_PHASE_STRIP = NO;
				DEBUG_INFORMATION_FORMAT = dwarf;
				ENABLE_STRICT_OBJC_MSGSEND = YES;
				ENABLE_TESTABILITY = YES;
				GCC_C_LANGUAGE_STANDARD = gnu99;
				GCC_DYNAMIC_NO_PIC = NO;
				GCC_NO_COMMON_BLOCKS = YES;
				GCC_OPTIMIZATION_LEVEL = 0;
				GCC_PREPROCESSOR_DEFINITIONS = (
					"DEBUG=1",
					"$(inherited)",
				);
				GCC_WARN_64_TO_32_BIT_CONVERSION = YES;
				GCC_WARN_ABOUT_RETURN_TYPE = YES_ERROR;
				GCC_WARN_UNDECLARED_SELECTOR = YES;
				GCC_WARN_UNINITIALIZED_AUTOS = YES_AGGRESSIVE;
				GCC_WARN_UNUSED_FUNCTION = YES;
				GCC_WARN_UNUSED_VARIABLE = YES;
				IPHONEOS_DEPLOYMENT_TARGET = 9.3;
				MTL_ENABLE_DEBUG_INFO = YES;
				ONLY_ACTIVE_ARCH = YES;
				SDKROOT = iphoneos;
				SWIFT_OPTIMIZATION_LEVEL = "-Onone";
			};
			name = Debug;
		};
		D4769F2C1CB78D02006F4E1A /* Release */ = {
			isa = XCBuildConfiguration;
			buildSettings = {
				ALWAYS_SEARCH_USER_PATHS = NO;
				CLANG_ANALYZER_NONNULL = YES;
				CLANG_CXX_LANGUAGE_STANDARD = "gnu++0x";
				CLANG_CXX_LIBRARY = "libc++";
				CLANG_ENABLE_MODULES = YES;
				CLANG_ENABLE_OBJC_ARC = YES;
				CLANG_WARN_BOOL_CONVERSION = YES;
				CLANG_WARN_CONSTANT_CONVERSION = YES;
				CLANG_WARN_DIRECT_OBJC_ISA_USAGE = YES_ERROR;
				CLANG_WARN_EMPTY_BODY = YES;
				CLANG_WARN_ENUM_CONVERSION = YES;
				CLANG_WARN_INT_CONVERSION = YES;
				CLANG_WARN_OBJC_ROOT_CLASS = YES_ERROR;
				CLANG_WARN_UNREACHABLE_CODE = YES;
				CLANG_WARN__DUPLICATE_METHOD_MATCH = YES;
				"CODE_SIGN_IDENTITY[sdk=iphoneos*]" = "iPhone Developer";
				COPY_PHASE_STRIP = NO;
				DEBUG_INFORMATION_FORMAT = "dwarf-with-dsym";
				ENABLE_NS_ASSERTIONS = NO;
				ENABLE_STRICT_OBJC_MSGSEND = YES;
				GCC_C_LANGUAGE_STANDARD = gnu99;
				GCC_NO_COMMON_BLOCKS = YES;
				GCC_WARN_64_TO_32_BIT_CONVERSION = YES;
				GCC_WARN_ABOUT_RETURN_TYPE = YES_ERROR;
				GCC_WARN_UNDECLARED_SELECTOR = YES;
				GCC_WARN_UNINITIALIZED_AUTOS = YES_AGGRESSIVE;
				GCC_WARN_UNUSED_FUNCTION = YES;
				GCC_WARN_UNUSED_VARIABLE = YES;
				IPHONEOS_DEPLOYMENT_TARGET = 9.3;
				MTL_ENABLE_DEBUG_INFO = NO;
				SDKROOT = iphoneos;
				VALIDATE_PRODUCT = YES;
			};
			name = Release;
		};
		D4769F2E1CB78D02006F4E1A /* Debug */ = {
			isa = XCBuildConfiguration;
			buildSettings = {
				ASSETCATALOG_COMPILER_APPICON_NAME = AppIcon;
				INFOPLIST_FILE = IOSSwiftShowcase/Info.plist;
				LD_RUNPATH_SEARCH_PATHS = "$(inherited) @executable_path/Frameworks";
				PRODUCT_BUNDLE_IDENTIFIER = com.mouse.IOSSwiftShowcase;
				PRODUCT_NAME = "$(TARGET_NAME)";
			};
			name = Debug;
		};
		D4769F2F1CB78D02006F4E1A /* Release */ = {
			isa = XCBuildConfiguration;
			buildSettings = {
				ASSETCATALOG_COMPILER_APPICON_NAME = AppIcon;
				INFOPLIST_FILE = IOSSwiftShowcase/Info.plist;
				LD_RUNPATH_SEARCH_PATHS = "$(inherited) @executable_path/Frameworks";
				PRODUCT_BUNDLE_IDENTIFIER = com.mouse.IOSSwiftShowcase;
				PRODUCT_NAME = "$(TARGET_NAME)";
			};
			name = Release;
		};
/* End XCBuildConfiguration section */

/* Begin XCConfigurationList section */
		D4769F161CB78D02006F4E1A /* Build configuration list for PBXProject "IOSSwiftShowcase" */ = {
			isa = XCConfigurationList;
			buildConfigurations = (
				D4769F2B1CB78D02006F4E1A /* Debug */,
				D4769F2C1CB78D02006F4E1A /* Release */,
			);
			defaultConfigurationIsVisible = 0;
			defaultConfigurationName = Release;
		};
		D4769F2D1CB78D02006F4E1A /* Build configuration list for PBXNativeTarget "IOSSwiftShowcase" */ = {
			isa = XCConfigurationList;
			buildConfigurations = (
				D4769F2E1CB78D02006F4E1A /* Debug */,
				D4769F2F1CB78D02006F4E1A /* Release */,
			);
			defaultConfigurationIsVisible = 0;
		};
/* End XCConfigurationList section */
	};
	rootObject = D4769F131CB78D02006F4E1A /* Project object */;
}
